// !$*UTF8*$!
{
	archiveVersion = 1;
	classes = {
	};
	objectVersion = 50;
	objects = {

/* Begin PBXBuildFile section */
		A8D90DEF22B9580D00D0F7F3 /* AppDelegate.swift in Sources */ = {isa = PBXBuildFile; fileRef = A8D90DEE22B9580D00D0F7F3 /* AppDelegate.swift */; };
		A8D90DF122B9581000D0F7F3 /* Assets.xcassets in Resources */ = {isa = PBXBuildFile; fileRef = A8D90DF022B9581000D0F7F3 /* Assets.xcassets */; };
		A8D90DF422B9581000D0F7F3 /* MainMenu.xib in Resources */ = {isa = PBXBuildFile; fileRef = A8D90DF222B9581000D0F7F3 /* MainMenu.xib */; };
		A8D90DFD22B9591500D0F7F3 /* MeetingService.swift in Sources */ = {isa = PBXBuildFile; fileRef = A8D90DFC22B9591500D0F7F3 /* MeetingService.swift */; };
		A8D90DFF22B95C0900D0F7F3 /* StatusMenuController.swift in Sources */ = {isa = PBXBuildFile; fileRef = A8D90DFE22B95C0900D0F7F3 /* StatusMenuController.swift */; };
		A8D90E0422B95E5E00D0F7F3 /* PreferencesWindowController.swift in Sources */ = {isa = PBXBuildFile; fileRef = A8D90E0222B95E5E00D0F7F3 /* PreferencesWindowController.swift */; };
		A8D90E0522B95E5E00D0F7F3 /* PreferencesWindowController.xib in Resources */ = {isa = PBXBuildFile; fileRef = A8D90E0322B95E5E00D0F7F3 /* PreferencesWindowController.xib */; };
/* End PBXBuildFile section */

/* Begin PBXFileReference section */
		A8D90DEB22B9580D00D0F7F3 /* MeetingNotifier.app */ = {isa = PBXFileReference; explicitFileType = wrapper.application; includeInIndex = 0; path = MeetingNotifier.app; sourceTree = BUILT_PRODUCTS_DIR; };
		A8D90DEE22B9580D00D0F7F3 /* AppDelegate.swift */ = {isa = PBXFileReference; lastKnownFileType = sourcecode.swift; path = AppDelegate.swift; sourceTree = "<group>"; };
		A8D90DF022B9581000D0F7F3 /* Assets.xcassets */ = {isa = PBXFileReference; lastKnownFileType = folder.assetcatalog; path = Assets.xcassets; sourceTree = "<group>"; };
		A8D90DF322B9581000D0F7F3 /* Base */ = {isa = PBXFileReference; lastKnownFileType = file.xib; name = Base; path = Base.lproj/MainMenu.xib; sourceTree = "<group>"; };
		A8D90DF522B9581000D0F7F3 /* Info.plist */ = {isa = PBXFileReference; lastKnownFileType = text.plist.xml; path = Info.plist; sourceTree = "<group>"; };
		A8D90DF622B9581000D0F7F3 /* MeetingNotifier.entitlements */ = {isa = PBXFileReference; lastKnownFileType = text.plist.entitlements; path = MeetingNotifier.entitlements; sourceTree = "<group>"; };
		A8D90DFC22B9591500D0F7F3 /* MeetingService.swift */ = {isa = PBXFileReference; fileEncoding = 4; lastKnownFileType = sourcecode.swift; path = MeetingService.swift; sourceTree = "<group>"; };
		A8D90DFE22B95C0900D0F7F3 /* StatusMenuController.swift */ = {isa = PBXFileReference; lastKnownFileType = sourcecode.swift; path = StatusMenuController.swift; sourceTree = "<group>"; };
		A8D90E0222B95E5E00D0F7F3 /* PreferencesWindowController.swift */ = {isa = PBXFileReference; lastKnownFileType = sourcecode.swift; path = PreferencesWindowController.swift; sourceTree = "<group>"; };
		A8D90E0322B95E5E00D0F7F3 /* PreferencesWindowController.xib */ = {isa = PBXFileReference; lastKnownFileType = file.xib; path = PreferencesWindowController.xib; sourceTree = "<group>"; };
/* End PBXFileReference section */

/* Begin PBXFrameworksBuildPhase section */
		A8D90DE822B9580D00D0F7F3 /* Frameworks */ = {
			isa = PBXFrameworksBuildPhase;
			buildActionMask = 2147483647;
			files = (
			);
			runOnlyForDeploymentPostprocessing = 0;
		};
/* End PBXFrameworksBuildPhase section */

/* Begin PBXGroup section */
		A8D90DE222B9580D00D0F7F3 = {
			isa = PBXGroup;
			children = (
				A8D90DED22B9580D00D0F7F3 /* MeetingNotifier */,
				A8D90DEC22B9580D00D0F7F3 /* Products */,
			);
			sourceTree = "<group>";
		};
		A8D90DEC22B9580D00D0F7F3 /* Products */ = {
			isa = PBXGroup;
			children = (
				A8D90DEB22B9580D00D0F7F3 /* MeetingNotifier.app */,
			);
			name = Products;
			sourceTree = "<group>";
		};
		A8D90DED22B9580D00D0F7F3 /* MeetingNotifier */ = {
			isa = PBXGroup;
			children = (
				A8D90DEE22B9580D00D0F7F3 /* AppDelegate.swift */,
				A8D90DF022B9581000D0F7F3 /* Assets.xcassets */,
				A8D90DF222B9581000D0F7F3 /* MainMenu.xib */,
				A8D90DF522B9581000D0F7F3 /* Info.plist */,
				A8D90DF622B9581000D0F7F3 /* MeetingNotifier.entitlements */,
				A8D90DFC22B9591500D0F7F3 /* MeetingService.swift */,
				A8D90DFE22B95C0900D0F7F3 /* StatusMenuController.swift */,
				A8D90E0222B95E5E00D0F7F3 /* PreferencesWindowController.swift */,
				A8D90E0322B95E5E00D0F7F3 /* PreferencesWindowController.xib */,
			);
			path = MeetingNotifier;
			sourceTree = "<group>";
		};
/* End PBXGroup section */

/* Begin PBXNativeTarget section */
		A8D90DEA22B9580D00D0F7F3 /* MeetingNotifier */ = {
			isa = PBXNativeTarget;
			buildConfigurationList = A8D90DF922B9581000D0F7F3 /* Build configuration list for PBXNativeTarget "MeetingNotifier" */;
			buildPhases = (
				A8D90DE722B9580D00D0F7F3 /* Sources */,
				A8D90DE822B9580D00D0F7F3 /* Frameworks */,
				A8D90DE922B9580D00D0F7F3 /* Resources */,
			);
			buildRules = (
			);
			dependencies = (
			);
			name = MeetingNotifier;
			productName = MeetingNotifier;
			productReference = A8D90DEB22B9580D00D0F7F3 /* MeetingNotifier.app */;
			productType = "com.apple.product-type.application";
		};
/* End PBXNativeTarget section */

/* Begin PBXProject section */
		A8D90DE322B9580D00D0F7F3 /* Project object */ = {
			isa = PBXProject;
			attributes = {
				LastSwiftUpdateCheck = 1010;
				LastUpgradeCheck = 1010;
				ORGANIZATIONNAME = "Pablo Roulet";
				TargetAttributes = {
					A8D90DEA22B9580D00D0F7F3 = {
						CreatedOnToolsVersion = 10.1;
						SystemCapabilities = {
							com.apple.Sandbox = {
								enabled = 1;
							};
						};
					};
				};
			};
			buildConfigurationList = A8D90DE622B9580D00D0F7F3 /* Build configuration list for PBXProject "MeetingNotifier" */;
			compatibilityVersion = "Xcode 9.3";
			developmentRegion = en;
			hasScannedForEncodings = 0;
			knownRegions = (
				en,
				Base,
			);
			mainGroup = A8D90DE222B9580D00D0F7F3;
			productRefGroup = A8D90DEC22B9580D00D0F7F3 /* Products */;
			projectDirPath = "";
			projectRoot = "";
			targets = (
				A8D90DEA22B9580D00D0F7F3 /* MeetingNotifier */,
			);
		};
/* End PBXProject section */

/* Begin PBXResourcesBuildPhase section */
		A8D90DE922B9580D00D0F7F3 /* Resources */ = {
			isa = PBXResourcesBuildPhase;
			buildActionMask = 2147483647;
			files = (
				A8D90E0522B95E5E00D0F7F3 /* PreferencesWindowController.xib in Resources */,
				A8D90DF122B9581000D0F7F3 /* Assets.xcassets in Resources */,
				A8D90DF422B9581000D0F7F3 /* MainMenu.xib in Resources */,
			);
			runOnlyForDeploymentPostprocessing = 0;
		};
/* End PBXResourcesBuildPhase section */

/* Begin PBXSourcesBuildPhase section */
		A8D90DE722B9580D00D0F7F3 /* Sources */ = {
			isa = PBXSourcesBuildPhase;
			buildActionMask = 2147483647;
			files = (
				A8D90DFF22B95C0900D0F7F3 /* StatusMenuController.swift in Sources */,
				A8D90DEF22B9580D00D0F7F3 /* AppDelegate.swift in Sources */,
				A8D90E0422B95E5E00D0F7F3 /* PreferencesWindowController.swift in Sources */,
				A8D90DFD22B9591500D0F7F3 /* MeetingService.swift in Sources */,
			);
			runOnlyForDeploymentPostprocessing = 0;
		};
/* End PBXSourcesBuildPhase section */

/* Begin PBXVariantGroup section */
		A8D90DF222B9581000D0F7F3 /* MainMenu.xib */ = {
			isa = PBXVariantGroup;
			children = (
				A8D90DF322B9581000D0F7F3 /* Base */,
			);
			name = MainMenu.xib;
			sourceTree = "<group>";
		};
/* End PBXVariantGroup section */

/* Begin XCBuildConfiguration section */
		A8D90DF722B9581000D0F7F3 /* Debug */ = {
			isa = XCBuildConfiguration;
			buildSettings = {
				ALWAYS_SEARCH_USER_PATHS = NO;
				CLANG_ANALYZER_NONNULL = YES;
				CLANG_ANALYZER_NUMBER_OBJECT_CONVERSION = YES_AGGRESSIVE;
				CLANG_CXX_LANGUAGE_STANDARD = "gnu++14";
				CLANG_CXX_LIBRARY = "libc++";
				CLANG_ENABLE_MODULES = YES;
				CLANG_ENABLE_OBJC_ARC = YES;
				CLANG_ENABLE_OBJC_WEAK = YES;
				CLANG_WARN_BLOCK_CAPTURE_AUTORELEASING = YES;
				CLANG_WARN_BOOL_CONVERSION = YES;
				CLANG_WARN_COMMA = YES;
				CLANG_WARN_CONSTANT_CONVERSION = YES;
				CLANG_WARN_DEPRECATED_OBJC_IMPLEMENTATIONS = YES;
				CLANG_WARN_DIRECT_OBJC_ISA_USAGE = YES_ERROR;
				CLANG_WARN_DOCUMENTATION_COMMENTS = YES;
				CLANG_WARN_EMPTY_BODY = YES;
				CLANG_WARN_ENUM_CONVERSION = YES;
				CLANG_WARN_INFINITE_RECURSION = YES;
				CLANG_WARN_INT_CONVERSION = YES;
				CLANG_WARN_NON_LITERAL_NULL_CONVERSION = YES;
				CLANG_WARN_OBJC_IMPLICIT_RETAIN_SELF = YES;
				CLANG_WARN_OBJC_LITERAL_CONVERSION = YES;
				CLANG_WARN_OBJC_ROOT_CLASS = YES_ERROR;
				CLANG_WARN_RANGE_LOOP_ANALYSIS = YES;
				CLANG_WARN_STRICT_PROTOTYPES = YES;
				CLANG_WARN_SUSPICIOUS_MOVE = YES;
				CLANG_WARN_UNGUARDED_AVAILABILITY = YES_AGGRESSIVE;
				CLANG_WARN_UNREACHABLE_CODE = YES;
				CLANG_WARN__DUPLICATE_METHOD_MATCH = YES;
				CODE_SIGN_IDENTITY = "Mac Developer";
				COPY_PHASE_STRIP = NO;
				DEBUG_INFORMATION_FORMAT = dwarf;
				ENABLE_STRICT_OBJC_MSGSEND = YES;
				ENABLE_TESTABILITY = YES;
				GCC_C_LANGUAGE_STANDARD = gnu11;
				GCC_DYNAMIC_NO_PIC = NO;
				GCC_NO_COMMON_BLOCKS = YES;
				GCC_OPTIMIZATION_LEVEL = 0;
				GCC_PREPROCESSOR_DEFINITIONS = (
					"DEBUG=1",
					"$(inherited)",
				);
				GCC_WARN_64_TO_32_BIT_CONVERSION = YES;
				GCC_WARN_ABOUT_RETURN_TYPE = YES_ERROR;
				GCC_WARN_UNDECLARED_SELECTOR = YES;
				GCC_WARN_UNINITIALIZED_AUTOS = YES_AGGRESSIVE;
				GCC_WARN_UNUSED_FUNCTION = YES;
				GCC_WARN_UNUSED_VARIABLE = YES;
				MACOSX_DEPLOYMENT_TARGET = 10.14;
				MTL_ENABLE_DEBUG_INFO = INCLUDE_SOURCE;
				MTL_FAST_MATH = YES;
				ONLY_ACTIVE_ARCH = YES;
				SDKROOT = macosx;
				SWIFT_ACTIVE_COMPILATION_CONDITIONS = DEBUG;
				SWIFT_OPTIMIZATION_LEVEL = "-Onone";
			};
			name = Debug;
		};
		A8D90DF822B9581000D0F7F3 /* Release */ = {
			isa = XCBuildConfiguration;
			buildSettings = {
				ALWAYS_SEARCH_USER_PATHS = NO;
				CLANG_ANALYZER_NONNULL = YES;
				CLANG_ANALYZER_NUMBER_OBJECT_CONVERSION = YES_AGGRESSIVE;
				CLANG_CXX_LANGUAGE_STANDARD = "gnu++14";
				CLANG_CXX_LIBRARY = "libc++";
				CLANG_ENABLE_MODULES = YES;
				CLANG_ENABLE_OBJC_ARC = YES;
				CLANG_ENABLE_OBJC_WEAK = YES;
				CLANG_WARN_BLOCK_CAPTURE_AUTORELEASING = YES;
				CLANG_WARN_BOOL_CONVERSION = YES;
				CLANG_WARN_COMMA = YES;
				CLANG_WARN_CONSTANT_CONVERSION = YES;
				CLANG_WARN_DEPRECATED_OBJC_IMPLEMENTATIONS = YES;
				CLANG_WARN_DIRECT_OBJC_ISA_USAGE = YES_ERROR;
				CLANG_WARN_DOCUMENTATION_COMMENTS = YES;
				CLANG_WARN_EMPTY_BODY = YES;
				CLANG_WARN_ENUM_CONVERSION = YES;
				CLANG_WARN_INFINITE_RECURSION = YES;
				CLANG_WARN_INT_CONVERSION = YES;
				CLANG_WARN_NON_LITERAL_NULL_CONVERSION = YES;
				CLANG_WARN_OBJC_IMPLICIT_RETAIN_SELF = YES;
				CLANG_WARN_OBJC_LITERAL_CONVERSION = YES;
				CLANG_WARN_OBJC_ROOT_CLASS = YES_ERROR;
				CLANG_WARN_RANGE_LOOP_ANALYSIS = YES;
				CLANG_WARN_STRICT_PROTOTYPES = YES;
				CLANG_WARN_SUSPICIOUS_MOVE = YES;
				CLANG_WARN_UNGUARDED_AVAILABILITY = YES_AGGRESSIVE;
				CLANG_WARN_UNREACHABLE_CODE = YES;
				CLANG_WARN__DUPLICATE_METHOD_MATCH = YES;
				CODE_SIGN_IDENTITY = "Mac Developer";
				COPY_PHASE_STRIP = NO;
				DEBUG_INFORMATION_FORMAT = "dwarf-with-dsym";
				ENABLE_NS_ASSERTIONS = NO;
				ENABLE_STRICT_OBJC_MSGSEND = YES;
				GCC_C_LANGUAGE_STANDARD = gnu11;
				GCC_NO_COMMON_BLOCKS = YES;
				GCC_WARN_64_TO_32_BIT_CONVERSION = YES;
				GCC_WARN_ABOUT_RETURN_TYPE = YES_ERROR;
				GCC_WARN_UNDECLARED_SELECTOR = YES;
				GCC_WARN_UNINITIALIZED_AUTOS = YES_AGGRESSIVE;
				GCC_WARN_UNUSED_FUNCTION = YES;
				GCC_WARN_UNUSED_VARIABLE = YES;
				MACOSX_DEPLOYMENT_TARGET = 10.14;
				MTL_ENABLE_DEBUG_INFO = NO;
				MTL_FAST_MATH = YES;
				SDKROOT = macosx;
				SWIFT_COMPILATION_MODE = wholemodule;
				SWIFT_OPTIMIZATION_LEVEL = "-O";
			};
			name = Release;
		};
		A8D90DFA22B9581000D0F7F3 /* Debug */ = {
			isa = XCBuildConfiguration;
			buildSettings = {
				ASSETCATALOG_COMPILER_APPICON_NAME = AppIcon;
				CODE_SIGN_ENTITLEMENTS = MeetingNotifier/MeetingNotifier.entitlements;
				CODE_SIGN_STYLE = Automatic;
				COMBINE_HIDPI_IMAGES = YES;
				DEVELOPMENT_TEAM = HJ8DJ8QN56;
				INFOPLIST_FILE = MeetingNotifier/Info.plist;
				LD_RUNPATH_SEARCH_PATHS = (
					"$(inherited)",
					"@executable_path/../Frameworks",
				);
				PRODUCT_BUNDLE_IDENTIFIER = com.pabrou.MeetingNotifier;
				PRODUCT_NAME = "$(TARGET_NAME)";
				SWIFT_VERSION = 4.2;
			};
			name = Debug;
		};
		A8D90DFB22B9581000D0F7F3 /* Release */ = {
			isa = XCBuildConfiguration;
			buildSettings = {
				ASSETCATALOG_COMPILER_APPICON_NAME = AppIcon;
				CODE_SIGN_ENTITLEMENTS = MeetingNotifier/MeetingNotifier.entitlements;
				CODE_SIGN_STYLE = Automatic;
				COMBINE_HIDPI_IMAGES = YES;
				DEVELOPMENT_TEAM = HJ8DJ8QN56;
				INFOPLIST_FILE = MeetingNotifier/Info.plist;
				LD_RUNPATH_SEARCH_PATHS = (
					"$(inherited)",
					"@executable_path/../Frameworks",
				);
				PRODUCT_BUNDLE_IDENTIFIER = com.pabrou.MeetingNotifier;
				PRODUCT_NAME = "$(TARGET_NAME)";
				SWIFT_VERSION = 4.2;
			};
			name = Release;
		};
/* End XCBuildConfiguration section */

/* Begin XCConfigurationList section */
		A8D90DE622B9580D00D0F7F3 /* Build configuration list for PBXProject "MeetingNotifier" */ = {
			isa = XCConfigurationList;
			buildConfigurations = (
				A8D90DF722B9581000D0F7F3 /* Debug */,
				A8D90DF822B9581000D0F7F3 /* Release */,
			);
			defaultConfigurationIsVisible = 0;
			defaultConfigurationName = Release;
		};
		A8D90DF922B9581000D0F7F3 /* Build configuration list for PBXNativeTarget "MeetingNotifier" */ = {
			isa = XCConfigurationList;
			buildConfigurations = (
				A8D90DFA22B9581000D0F7F3 /* Debug */,
				A8D90DFB22B9581000D0F7F3 /* Release */,
			);
			defaultConfigurationIsVisible = 0;
			defaultConfigurationName = Release;
		};
/* End XCConfigurationList section */
	};
	rootObject = A8D90DE322B9580D00D0F7F3 /* Project object */;
}
